
Microsoft Visual Studio Solution File, Format Version 12.00
# Visual Studio Version 17
VisualStudioVersion = 17.0.31903.59
MinimumVisualStudioVersion = 10.0.40219.1
Project("{2150E333-8FDC-42A3-9474-1A3956D46DE8}") = "src", "src", "{827E0CD3-B72D-47B6-A68D-7590B98EB39B}"
EndProject
Project("{FAE04EC0-301F-11D3-BF4B-00C04F79EFBC}") = "FtelMap.Core", "src\FtelMap.Core\FtelMap.Core.csproj", "{4DE67DBD-6057-4866-BFC2-3A0198D0F8F2}"
EndProject
Project("{FAE04EC0-301F-11D3-BF4B-00C04F79EFBC}") = "FtelMap.Application", "src\FtelMap.Application\FtelMap.Application.csproj", "{A93E3CDA-A0C7-43B6-9575-BCB531A2604B}"
EndProject
Project("{FAE04EC0-301F-11D3-BF4B-00C04F79EFBC}") = "FtelMap.Infrastructure", "src\FtelMap.Infrastructure\FtelMap.Infrastructure.csproj", "{E525EB2A-67FE-4853-A1F4-8E5A16121F22}"
EndProject
Project("{FAE04EC0-301F-11D3-BF4B-00C04F79EFBC}") = "FtelMap.Api", "src\FtelMap.Api\FtelMap.Api.csproj", "{B5FF9977-F370-45CC-8B48-69C5FADA14B9}"
EndProject
Project("{FAE04EC0-301F-11D3-BF4B-00C04F79EFBC}") = "FtelMap.Core.Tests", "tests\FtelMap.Core.Tests\FtelMap.Core.Tests.csproj", "{AF643531-60DF-4B33-BCF7-A09AE8A1C884}"
EndProject
Project("{FAE04EC0-301F-11D3-BF4B-00C04F79EFBC}") = "FtelMap.Application.Tests", "tests\FtelMap.Application.Tests\FtelMap.Application.Tests.csproj", "{00800FB1-4D7C-4109-9595-9EC3D685967E}"
EndProject
Project("{FAE04EC0-301F-11D3-BF4B-00C04F79EFBC}") = "FtelMap.IntegrationTests", "tests\FtelMap.IntegrationTests\FtelMap.IntegrationTests.csproj", "{EEB6D2F9-91BE-49C9-BCAD-AAA4BE5DC2E4}"
EndProject
Global
	GlobalSection(SolutionConfigurationPlatforms) = preSolution
		Debug|Any CPU = Debug|Any CPU
		Debug|x64 = Debug|x64
		Debug|x86 = Debug|x86
		Release|Any CPU = Release|Any CPU
		Release|x64 = Release|x64
		Release|x86 = Release|x86
	EndGlobalSection
	GlobalSection(ProjectConfigurationPlatforms) = postSolution
		{4DE67DBD-6057-4866-BFC2-3A0198D0F8F2}.Debug|Any CPU.ActiveCfg = Debug|Any CPU
		{4DE67DBD-6057-4866-BFC2-3A0198D0F8F2}.Debug|Any CPU.Build.0 = Debug|Any CPU
		{4DE67DBD-6057-4866-BFC2-3A0198D0F8F2}.Debug|x64.ActiveCfg = Debug|Any CPU
		{4DE67DBD-6057-4866-BFC2-3A0198D0F8F2}.Debug|x64.Build.0 = Debug|Any CPU
		{4DE67DBD-6057-4866-BFC2-3A0198D0F8F2}.Debug|x86.ActiveCfg = Debug|Any CPU
		{4DE67DBD-6057-4866-BFC2-3A0198D0F8F2}.Debug|x86.Build.0 = Debug|Any CPU
		{4DE67DBD-6057-4866-BFC2-3A0198D0F8F2}.Release|Any CPU.ActiveCfg = Release|Any CPU
		{4DE67DBD-6057-4866-BFC2-3A0198D0F8F2}.Release|Any CPU.Build.0 = Release|Any CPU
		{4DE67DBD-6057-4866-BFC2-3A0198D0F8F2}.Release|x64.ActiveCfg = Release|Any CPU
		{4DE67DBD-6057-4866-BFC2-3A0198D0F8F2}.Release|x64.Build.0 = Release|Any CPU
		{4DE67DBD-6057-4866-BFC2-3A0198D0F8F2}.Release|x86.ActiveCfg = Release|Any CPU
		{4DE67DBD-6057-4866-BFC2-3A0198D0F8F2}.Release|x86.Build.0 = Release|Any CPU
		{A93E3CDA-A0C7-43B6-9575-BCB531A2604B}.Debug|Any CPU.ActiveCfg = Debug|Any CPU
		{A93E3CDA-A0C7-43B6-9575-BCB531A2604B}.Debug|Any CPU.Build.0 = Debug|Any CPU
		{A93E3CDA-A0C7-43B6-9575-BCB531A2604B}.Debug|x64.ActiveCfg = Debug|Any CPU
		{A93E3CDA-A0C7-43B6-9575-BCB531A2604B}.Debug|x64.Build.0 = Debug|Any CPU
		{A93E3CDA-A0C7-43B6-9575-BCB531A2604B}.Debug|x86.ActiveCfg = Debug|Any CPU
		{A93E3CDA-A0C7-43B6-9575-BCB531A2604B}.Debug|x86.Build.0 = Debug|Any CPU
		{A93E3CDA-A0C7-43B6-9575-BCB531A2604B}.Release|Any CPU.ActiveCfg = Release|Any CPU
		{A93E3CDA-A0C7-43B6-9575-BCB531A2604B}.Release|Any CPU.Build.0 = Release|Any CPU
		{A93E3CDA-A0C7-43B6-9575-BCB531A2604B}.Release|x64.ActiveCfg = Release|Any CPU
		{A93E3CDA-A0C7-43B6-9575-BCB531A2604B}.Release|x64.Build.0 = Release|Any CPU
		{A93E3CDA-A0C7-43B6-9575-BCB531A2604B}.Release|x86.ActiveCfg = Release|Any CPU
		{A93E3CDA-A0C7-43B6-9575-BCB531A2604B}.Release|x86.Build.0 = Release|Any CPU
		{E525EB2A-67FE-4853-A1F4-8E5A16121F22}.Debug|Any CPU.ActiveCfg = Debug|Any CPU
		{E525EB2A-67FE-4853-A1F4-8E5A16121F22}.Debug|Any CPU.Build.0 = Debug|Any CPU
		{E525EB2A-67FE-4853-A1F4-8E5A16121F22}.Debug|x64.ActiveCfg = Debug|Any CPU
		{E525EB2A-67FE-4853-A1F4-8E5A16121F22}.Debug|x64.Build.0 = Debug|Any CPU
		{E525EB2A-67FE-4853-A1F4-8E5A16121F22}.Debug|x86.ActiveCfg = Debug|Any CPU
		{E525EB2A-67FE-4853-A1F4-8E5A16121F22}.Debug|x86.Build.0 = Debug|Any CPU
		{E525EB2A-67FE-4853-A1F4-8E5A16121F22}.Release|Any CPU.ActiveCfg = Release|Any CPU
		{E525EB2A-67FE-4853-A1F4-8E5A16121F22}.Release|Any CPU.Build.0 = Release|Any CPU
		{E525EB2A-67FE-4853-A1F4-8E5A16121F22}.Release|x64.ActiveCfg = Release|Any CPU
		{E525EB2A-67FE-4853-A1F4-8E5A16121F22}.Release|x64.Build.0 = Release|Any CPU
		{E525EB2A-67FE-4853-A1F4-8E5A16121F22}.Release|x86.ActiveCfg = Release|Any CPU
		{E525EB2A-67FE-4853-A1F4-8E5A16121F22}.Release|x86.Build.0 = Release|Any CPU
		{B5FF9977-F370-45CC-8B48-69C5FADA14B9}.Debug|Any CPU.ActiveCfg = Debug|Any CPU
		{B5FF9977-F370-45CC-8B48-69C5FADA14B9}.Debug|Any CPU.Build.0 = Debug|Any CPU
		{B5FF9977-F370-45CC-8B48-69C5FADA14B9}.Debug|x64.ActiveCfg = Debug|Any CPU
		{B5FF9977-F370-45CC-8B48-69C5FADA14B9}.Debug|x64.Build.0 = Debug|Any CPU
		{B5FF9977-F370-45CC-8B48-69C5FADA14B9}.Debug|x86.ActiveCfg = Debug|Any CPU
		{B5FF9977-F370-45CC-8B48-69C5FADA14B9}.Debug|x86.Build.0 = Debug|Any CPU
		{B5FF9977-F370-45CC-8B48-69C5FADA14B9}.Release|Any CPU.ActiveCfg = Release|Any CPU
		{B5FF9977-F370-45CC-8B48-69C5FADA14B9}.Release|Any CPU.Build.0 = Release|Any CPU
		{B5FF9977-F370-45CC-8B48-69C5FADA14B9}.Release|x64.ActiveCfg = Release|Any CPU
		{B5FF9977-F370-45CC-8B48-69C5FADA14B9}.Release|x64.Build.0 = Release|Any CPU
		{B5FF9977-F370-45CC-8B48-69C5FADA14B9}.Release|x86.ActiveCfg = Release|Any CPU
		{B5FF9977-F370-45CC-8B48-69C5FADA14B9}.Release|x86.Build.0 = Release|Any CPU
		{AF643531-60DF-4B33-BCF7-A09AE8A1C884}.Debug|Any CPU.ActiveCfg = Debug|Any CPU
		{AF643531-60DF-4B33-BCF7-A09AE8A1C884}.Debug|Any CPU.Build.0 = Debug|Any CPU
		{AF643531-60DF-4B33-BCF7-A09AE8A1C884}.Debug|x64.ActiveCfg = Debug|Any CPU
		{AF643531-60DF-4B33-BCF7-A09AE8A1C884}.Debug|x64.Build.0 = Debug|Any CPU
		{AF643531-60DF-4B33-BCF7-A09AE8A1C884}.Debug|x86.ActiveCfg = Debug|Any CPU
		{AF643531-60DF-4B33-BCF7-A09AE8A1C884}.Debug|x86.Build.0 = Debug|Any CPU
		{AF643531-60DF-4B33-BCF7-A09AE8A1C884}.Release|Any CPU.ActiveCfg = Release|Any CPU
		{AF643531-60DF-4B33-BCF7-A09AE8A1C884}.Release|Any CPU.Build.0 = Release|Any CPU
		{AF643531-60DF-4B33-BCF7-A09AE8A1C884}.Release|x64.ActiveCfg = Release|Any CPU
		{AF643531-60DF-4B33-BCF7-A09AE8A1C884}.Release|x64.Build.0 = Release|Any CPU
		{AF643531-60DF-4B33-BCF7-A09AE8A1C884}.Release|x86.ActiveCfg = Release|Any CPU
		{AF643531-60DF-4B33-BCF7-A09AE8A1C884}.Release|x86.Build.0 = Release|Any CPU
		{00800FB1-4D7C-4109-9595-9EC3D685967E}.Debug|Any CPU.ActiveCfg = Debug|Any CPU
		{00800FB1-4D7C-4109-9595-9EC3D685967E}.Debug|Any CPU.Build.0 = Debug|Any CPU
		{00800FB1-4D7C-4109-9595-9EC3D685967E}.Debug|x64.ActiveCfg = Debug|Any CPU
		{00800FB1-4D7C-4109-9595-9EC3D685967E}.Debug|x64.Build.0 = Debug|Any CPU
		{00800FB1-4D7C-4109-9595-9EC3D685967E}.Debug|x86.ActiveCfg = Debug|Any CPU
		{00800FB1-4D7C-4109-9595-9EC3D685967E}.Debug|x86.Build.0 = Debug|Any CPU
		{00800FB1-4D7C-4109-9595-9EC3D685967E}.Release|Any CPU.ActiveCfg = Release|Any CPU
		{00800FB1-4D7C-4109-9595-9EC3D685967E}.Release|Any CPU.Build.0 = Release|Any CPU
		{00800FB1-4D7C-4109-9595-9EC3D685967E}.Release|x64.ActiveCfg = Release|Any CPU
		{00800FB1-4D7C-4109-9595-9EC3D685967E}.Release|x64.Build.0 = Release|Any CPU
		{00800FB1-4D7C-4109-9595-9EC3D685967E}.Release|x86.ActiveCfg = Release|Any CPU
		{00800FB1-4D7C-4109-9595-9EC3D685967E}.Release|x86.Build.0 = Release|Any CPU
		{EEB6D2F9-91BE-49C9-BCAD-AAA4BE5DC2E4}.Debug|Any CPU.ActiveCfg = Debug|Any CPU
		{EEB6D2F9-91BE-49C9-BCAD-AAA4BE5DC2E4}.Debug|Any CPU.Build.0 = Debug|Any CPU
		{EEB6D2F9-91BE-49C9-BCAD-AAA4BE5DC2E4}.Debug|x64.ActiveCfg = Debug|Any CPU
		{EEB6D2F9-91BE-49C9-BCAD-AAA4BE5DC2E4}.Debug|x64.Build.0 = Debug|Any CPU
		{EEB6D2F9-91BE-49C9-BCAD-AAA4BE5DC2E4}.Debug|x86.ActiveCfg = Debug|Any CPU
		{EEB6D2F9-91BE-49C9-BCAD-AAA4BE5DC2E4}.Debug|x86.Build.0 = Debug|Any CPU
		{EEB6D2F9-91BE-49C9-BCAD-AAA4BE5DC2E4}.Release|Any CPU.ActiveCfg = Release|Any CPU
		{EEB6D2F9-91BE-49C9-BCAD-AAA4BE5DC2E4}.Release|Any CPU.Build.0 = Release|Any CPU
		{EEB6D2F9-91BE-49C9-BCAD-AAA4BE5DC2E4}.Release|x64.ActiveCfg = Release|Any CPU
		{EEB6D2F9-91BE-49C9-BCAD-AAA4BE5DC2E4}.Release|x64.Build.0 = Release|Any CPU
		{EEB6D2F9-91BE-49C9-BCAD-AAA4BE5DC2E4}.Release|x86.ActiveCfg = Release|Any CPU
		{EEB6D2F9-91BE-49C9-BCAD-AAA4BE5DC2E4}.Release|x86.Build.0 = Release|Any CPU
	EndGlobalSection
	GlobalSection(SolutionProperties) = preSolution
		HideSolutionNode = FALSE
	EndGlobalSection
	GlobalSection(NestedProjects) = preSolution
		{4DE67DBD-6057-4866-BFC2-3A0198D0F8F2} = {827E0CD3-B72D-47B6-A68D-7590B98EB39B}
		{A93E3CDA-A0C7-43B6-9575-BCB531A2604B} = {827E0CD3-B72D-47B6-A68D-7590B98EB39B}
		{E525EB2A-67FE-4853-A1F4-8E5A16121F22} = {827E0CD3-B72D-47B6-A68D-7590B98EB39B}
		{B5FF9977-F370-45CC-8B48-69C5FADA14B9} = {827E0CD3-B72D-47B6-A68D-7590B98EB39B}
		{AF643531-60DF-4B33-BCF7-A09AE8A1C884} = {827E0CD3-B72D-47B6-A68D-7590B98EB39B}
		{00800FB1-4D7C-4109-9595-9EC3D685967E} = {827E0CD3-B72D-47B6-A68D-7590B98EB39B}
		{EEB6D2F9-91BE-49C9-BCAD-AAA4BE5DC2E4} = {827E0CD3-B72D-47B6-A68D-7590B98EB39B}
	EndGlobalSection
EndGlobal
